
Microsoft Visual Studio Solution File, Format Version 12.00
# Visual Studio Version 16
VisualStudioVersion = 16.0.32228.343
MinimumVisualStudioVersion = 10.0.40219.1
Project("{FAE04EC0-301F-11D3-BF4B-00C04F79EFBC}") = "MicahTechProject", "MicahTechProject\MicahTechProject.csproj", "{5B895293-8459-4C87-ABD4-8277B4B40A00}"
EndProject
Global
	GlobalSection(SolutionConfigurationPlatforms) = preSolution
		Debug|Any CPU = Debug|Any CPU
		Release|Any CPU = Release|Any CPU
	EndGlobalSection
	GlobalSection(ProjectConfigurationPlatforms) = postSolution
		{5B895293-8459-4C87-ABD4-8277B4B40A00}.Debug|Any CPU.ActiveCfg = Debug|Any CPU
		{5B895293-8459-4C87-ABD4-8277B4B40A00}.Debug|Any CPU.Build.0 = Debug|Any CPU
		{5B895293-8459-4C87-ABD4-8277B4B40A00}.Release|Any CPU.ActiveCfg = Release|Any CPU
		{5B895293-8459-4C87-ABD4-8277B4B40A00}.Release|Any CPU.Build.0 = Release|Any CPU
	EndGlobalSection
	GlobalSection(SolutionProperties) = preSolution
		HideSolutionNode = FALSE
	EndGlobalSection
	GlobalSection(ExtensibilityGlobals) = postSolution
		SolutionGuid = {7B221684-72D0-44A1-BAE7-A1110CF6FD7A}
	EndGlobalSection
EndGlobal
